
Microsoft Visual Studio Solution File, Format Version 12.00
# Visual Studio Version 16
VisualStudioVersion = 16.0.29519.87
MinimumVisualStudioVersion = 10.0.40219.1
Project("{FAE04EC0-301F-11D3-BF4B-00C04F79EFBC}") = "regiojet-net-api", "regiojet-net-api\regiojet-net-api.csproj", "{6649B5C0-0844-4778-AEBB-D052D2E44131}"
EndProject
Project("{FAE04EC0-301F-11D3-BF4B-00C04F79EFBC}") = "regiojet-net-democlient", "regiojet-net-democlient\regiojet-net-democlient.csproj", "{F72C2414-B194-473C-AC7F-79516AD52BB0}"
EndProject
Global
	GlobalSection(SolutionConfigurationPlatforms) = preSolution
		Debug|Any CPU = Debug|Any CPU
		Release|Any CPU = Release|Any CPU
	EndGlobalSection
	GlobalSection(ProjectConfigurationPlatforms) = postSolution
		{6649B5C0-0844-4778-AEBB-D052D2E44131}.Debug|Any CPU.ActiveCfg = Debug|Any CPU
		{6649B5C0-0844-4778-AEBB-D052D2E44131}.Debug|Any CPU.Build.0 = Debug|Any CPU
		{6649B5C0-0844-4778-AEBB-D052D2E44131}.Release|Any CPU.ActiveCfg = Release|Any CPU
		{6649B5C0-0844-4778-AEBB-D052D2E44131}.Release|Any CPU.Build.0 = Release|Any CPU
		{F72C2414-B194-473C-AC7F-79516AD52BB0}.Debug|Any CPU.ActiveCfg = Debug|Any CPU
		{F72C2414-B194-473C-AC7F-79516AD52BB0}.Debug|Any CPU.Build.0 = Debug|Any CPU
		{F72C2414-B194-473C-AC7F-79516AD52BB0}.Release|Any CPU.ActiveCfg = Release|Any CPU
		{F72C2414-B194-473C-AC7F-79516AD52BB0}.Release|Any CPU.Build.0 = Release|Any CPU
	EndGlobalSection
	GlobalSection(SolutionProperties) = preSolution
		HideSolutionNode = FALSE
	EndGlobalSection
	GlobalSection(ExtensibilityGlobals) = postSolution
		SolutionGuid = {C50C7634-0D69-46F4-956A-C365440E3573}
	EndGlobalSection
EndGlobal
